// !$*UTF8*$!
{
	archiveVersion = 1;
	classes = {
	};
	objectVersion = 55;
	objects = {

/* Begin PBXBuildFile section */
		0931BE2027FC497400357A17 /* NoConnectionView.swift in Sources */ = {isa = PBXBuildFile; fileRef = 0931BE1F27FC497400357A17 /* NoConnectionView.swift */; };
		0931BE2427FC7D1200357A17 /* .gitignore in Resources */ = {isa = PBXBuildFile; fileRef = 0931BE2327FC7D1200357A17 /* .gitignore */; };
		093E346927F4ADE6000EF11B /* TimerView.swift in Sources */ = {isa = PBXBuildFile; fileRef = 093E346827F4ADE6000EF11B /* TimerView.swift */; };
		0993633D27E859950021BB45 /* WallcraftTestApp.swift in Sources */ = {isa = PBXBuildFile; fileRef = 0993633C27E859950021BB45 /* WallcraftTestApp.swift */; };
		0993633F27E859950021BB45 /* ContentView.swift in Sources */ = {isa = PBXBuildFile; fileRef = 0993633E27E859950021BB45 /* ContentView.swift */; };
		0993634127E859990021BB45 /* Assets.xcassets in Resources */ = {isa = PBXBuildFile; fileRef = 0993634027E859990021BB45 /* Assets.xcassets */; };
		0993634427E859990021BB45 /* Preview Assets.xcassets in Resources */ = {isa = PBXBuildFile; fileRef = 0993634327E859990021BB45 /* Preview Assets.xcassets */; };
		0993634D27E8610F0021BB45 /* Model.swift in Sources */ = {isa = PBXBuildFile; fileRef = 0993634C27E8610F0021BB45 /* Model.swift */; };
		0993635027E873F90021BB45 /* SDWebImageSwiftUI in Frameworks */ = {isa = PBXBuildFile; productRef = 0993634F27E873F90021BB45 /* SDWebImageSwiftUI */; };
		09DE6F2927E9DD5600047C22 /* RandomPhotoView.swift in Sources */ = {isa = PBXBuildFile; fileRef = 09DE6F2827E9DD5600047C22 /* RandomPhotoView.swift */; };
		09DE6F2B27E9DD7700047C22 /* FavoritePhotosView.swift in Sources */ = {isa = PBXBuildFile; fileRef = 09DE6F2A27E9DD7700047C22 /* FavoritePhotosView.swift */; };
/* End PBXBuildFile section */

/* Begin PBXFileReference section */
		0931BE1F27FC497400357A17 /* NoConnectionView.swift */ = {isa = PBXFileReference; lastKnownFileType = sourcecode.swift; path = NoConnectionView.swift; sourceTree = "<group>"; };
		0931BE2327FC7D1200357A17 /* .gitignore */ = {isa = PBXFileReference; lastKnownFileType = text; path = .gitignore; sourceTree = "<group>"; };
		093E346827F4ADE6000EF11B /* TimerView.swift */ = {isa = PBXFileReference; lastKnownFileType = sourcecode.swift; path = TimerView.swift; sourceTree = "<group>"; };
		0993633927E859950021BB45 /* WallcraftTest.app */ = {isa = PBXFileReference; explicitFileType = wrapper.application; includeInIndex = 0; path = WallcraftTest.app; sourceTree = BUILT_PRODUCTS_DIR; };
		0993633C27E859950021BB45 /* WallcraftTestApp.swift */ = {isa = PBXFileReference; lastKnownFileType = sourcecode.swift; path = WallcraftTestApp.swift; sourceTree = "<group>"; };
		0993633E27E859950021BB45 /* ContentView.swift */ = {isa = PBXFileReference; lastKnownFileType = sourcecode.swift; path = ContentView.swift; sourceTree = "<group>"; };
		0993634027E859990021BB45 /* Assets.xcassets */ = {isa = PBXFileReference; lastKnownFileType = folder.assetcatalog; path = Assets.xcassets; sourceTree = "<group>"; };
		0993634327E859990021BB45 /* Preview Assets.xcassets */ = {isa = PBXFileReference; lastKnownFileType = folder.assetcatalog; path = "Preview Assets.xcassets"; sourceTree = "<group>"; };
		0993634C27E8610F0021BB45 /* Model.swift */ = {isa = PBXFileReference; lastKnownFileType = sourcecode.swift; path = Model.swift; sourceTree = "<group>"; };
		09DE6F2827E9DD5600047C22 /* RandomPhotoView.swift */ = {isa = PBXFileReference; lastKnownFileType = sourcecode.swift; path = RandomPhotoView.swift; sourceTree = "<group>"; };
		09DE6F2A27E9DD7700047C22 /* FavoritePhotosView.swift */ = {isa = PBXFileReference; lastKnownFileType = sourcecode.swift; path = FavoritePhotosView.swift; sourceTree = "<group>"; };
/* End PBXFileReference section */

/* Begin PBXFrameworksBuildPhase section */
		0993633627E859950021BB45 /* Frameworks */ = {
			isa = PBXFrameworksBuildPhase;
			buildActionMask = 2147483647;
			files = (
				0993635027E873F90021BB45 /* SDWebImageSwiftUI in Frameworks */,
			);
			runOnlyForDeploymentPostprocessing = 0;
		};
/* End PBXFrameworksBuildPhase section */

/* Begin PBXGroup section */
		0993633027E859950021BB45 = {
			isa = PBXGroup;
			children = (
				0931BE2327FC7D1200357A17 /* .gitignore */,
				0993633B27E859950021BB45 /* WallcraftTest */,
				0993633A27E859950021BB45 /* Products */,
			);
			sourceTree = "<group>";
		};
		0993633A27E859950021BB45 /* Products */ = {
			isa = PBXGroup;
			children = (
				0993633927E859950021BB45 /* WallcraftTest.app */,
			);
			name = Products;
			sourceTree = "<group>";
		};
		0993633B27E859950021BB45 /* WallcraftTest */ = {
			isa = PBXGroup;
			children = (
				0993633C27E859950021BB45 /* WallcraftTestApp.swift */,
				0993633E27E859950021BB45 /* ContentView.swift */,
				09DE6F2827E9DD5600047C22 /* RandomPhotoView.swift */,
				093E346827F4ADE6000EF11B /* TimerView.swift */,
				09DE6F2A27E9DD7700047C22 /* FavoritePhotosView.swift */,
				0931BE1F27FC497400357A17 /* NoConnectionView.swift */,
				0993634C27E8610F0021BB45 /* Model.swift */,
				0993634027E859990021BB45 /* Assets.xcassets */,
				0993634227E859990021BB45 /* Preview Content */,
			);
			path = WallcraftTest;
			sourceTree = "<group>";
		};
		0993634227E859990021BB45 /* Preview Content */ = {
			isa = PBXGroup;
			children = (
				0993634327E859990021BB45 /* Preview Assets.xcassets */,
			);
			path = "Preview Content";
			sourceTree = "<group>";
		};
/* End PBXGroup section */

/* Begin PBXNativeTarget section */
		0993633827E859950021BB45 /* WallcraftTest */ = {
			isa = PBXNativeTarget;
			buildConfigurationList = 0993634727E859990021BB45 /* Build configuration list for PBXNativeTarget "WallcraftTest" */;
			buildPhases = (
				0993633527E859950021BB45 /* Sources */,
				0993633627E859950021BB45 /* Frameworks */,
				0993633727E859950021BB45 /* Resources */,
			);
			buildRules = (
			);
			dependencies = (
			);
			name = WallcraftTest;
			packageProductDependencies = (
				0993634F27E873F90021BB45 /* SDWebImageSwiftUI */,
			);
			productName = WallcraftTest;
			productReference = 0993633927E859950021BB45 /* WallcraftTest.app */;
			productType = "com.apple.product-type.application";
		};
/* End PBXNativeTarget section */

/* Begin PBXProject section */
		0993633127E859950021BB45 /* Project object */ = {
			isa = PBXProject;
			attributes = {
				BuildIndependentTargetsInParallel = 1;
				LastSwiftUpdateCheck = 1330;
				LastUpgradeCheck = 1330;
				TargetAttributes = {
					0993633827E859950021BB45 = {
						CreatedOnToolsVersion = 13.3;
					};
				};
			};
			buildConfigurationList = 0993633427E859950021BB45 /* Build configuration list for PBXProject "WallcraftTest" */;
			compatibilityVersion = "Xcode 13.0";
			developmentRegion = en;
			hasScannedForEncodings = 0;
			knownRegions = (
				en,
				Base,
			);
			mainGroup = 0993633027E859950021BB45;
			packageReferences = (
				0993634E27E873F90021BB45 /* XCRemoteSwiftPackageReference "SDWebImageSwiftUI" */,
			);
			productRefGroup = 0993633A27E859950021BB45 /* Products */;
			projectDirPath = "";
			projectRoot = "";
			targets = (
				0993633827E859950021BB45 /* WallcraftTest */,
			);
		};
/* End PBXProject section */

/* Begin PBXResourcesBuildPhase section */
		0993633727E859950021BB45 /* Resources */ = {
			isa = PBXResourcesBuildPhase;
			buildActionMask = 2147483647;
			files = (
				0993634427E859990021BB45 /* Preview Assets.xcassets in Resources */,
				0931BE2427FC7D1200357A17 /* .gitignore in Resources */,
				0993634127E859990021BB45 /* Assets.xcassets in Resources */,
			);
			runOnlyForDeploymentPostprocessing = 0;
		};
/* End PBXResourcesBuildPhase section */

/* Begin PBXSourcesBuildPhase section */
		0993633527E859950021BB45 /* Sources */ = {
			isa = PBXSourcesBuildPhase;
			buildActionMask = 2147483647;
			files = (
				093E346927F4ADE6000EF11B /* TimerView.swift in Sources */,
				0993634D27E8610F0021BB45 /* Model.swift in Sources */,
				0993633F27E859950021BB45 /* ContentView.swift in Sources */,
				09DE6F2B27E9DD7700047C22 /* FavoritePhotosView.swift in Sources */,
				09DE6F2927E9DD5600047C22 /* RandomPhotoView.swift in Sources */,
				0993633D27E859950021BB45 /* WallcraftTestApp.swift in Sources */,
				0931BE2027FC497400357A17 /* NoConnectionView.swift in Sources */,
			);
			runOnlyForDeploymentPostprocessing = 0;
		};
/* End PBXSourcesBuildPhase section */

/* Begin XCBuildConfiguration section */
		0993634527E859990021BB45 /* Debug */ = {
			isa = XCBuildConfiguration;
			buildSettings = {
				ALWAYS_SEARCH_USER_PATHS = NO;
				CLANG_ANALYZER_NONNULL = YES;
				CLANG_ANALYZER_NUMBER_OBJECT_CONVERSION = YES_AGGRESSIVE;
				CLANG_CXX_LANGUAGE_STANDARD = "gnu++17";
				CLANG_ENABLE_MODULES = YES;
				CLANG_ENABLE_OBJC_ARC = YES;
				CLANG_ENABLE_OBJC_WEAK = YES;
				CLANG_WARN_BLOCK_CAPTURE_AUTORELEASING = YES;
				CLANG_WARN_BOOL_CONVERSION = YES;
				CLANG_WARN_COMMA = YES;
				CLANG_WARN_CONSTANT_CONVERSION = YES;
				CLANG_WARN_DEPRECATED_OBJC_IMPLEMENTATIONS = YES;
				CLANG_WARN_DIRECT_OBJC_ISA_USAGE = YES_ERROR;
				CLANG_WARN_DOCUMENTATION_COMMENTS = YES;
				CLANG_WARN_EMPTY_BODY = YES;
				CLANG_WARN_ENUM_CONVERSION = YES;
				CLANG_WARN_INFINITE_RECURSION = YES;
				CLANG_WARN_INT_CONVERSION = YES;
				CLANG_WARN_NON_LITERAL_NULL_CONVERSION = YES;
				CLANG_WARN_OBJC_IMPLICIT_RETAIN_SELF = YES;
				CLANG_WARN_OBJC_LITERAL_CONVERSION = YES;
				CLANG_WARN_OBJC_ROOT_CLASS = YES_ERROR;
				CLANG_WARN_QUOTED_INCLUDE_IN_FRAMEWORK_HEADER = YES;
				CLANG_WARN_RANGE_LOOP_ANALYSIS = YES;
				CLANG_WARN_STRICT_PROTOTYPES = YES;
				CLANG_WARN_SUSPICIOUS_MOVE = YES;
				CLANG_WARN_UNGUARDED_AVAILABILITY = YES_AGGRESSIVE;
				CLANG_WARN_UNREACHABLE_CODE = YES;
				CLANG_WARN__DUPLICATE_METHOD_MATCH = YES;
				COPY_PHASE_STRIP = NO;
				DEBUG_INFORMATION_FORMAT = dwarf;
				ENABLE_STRICT_OBJC_MSGSEND = YES;
				ENABLE_TESTABILITY = YES;
				GCC_C_LANGUAGE_STANDARD = gnu11;
				GCC_DYNAMIC_NO_PIC = NO;
				GCC_NO_COMMON_BLOCKS = YES;
				GCC_OPTIMIZATION_LEVEL = 0;
				GCC_PREPROCESSOR_DEFINITIONS = (
					"DEBUG=1",
					"$(inherited)",
				);
				GCC_WARN_64_TO_32_BIT_CONVERSION = YES;
				GCC_WARN_ABOUT_RETURN_TYPE = YES_ERROR;
				GCC_WARN_UNDECLARED_SELECTOR = YES;
				GCC_WARN_UNINITIALIZED_AUTOS = YES_AGGRESSIVE;
				GCC_WARN_UNUSED_FUNCTION = YES;
				GCC_WARN_UNUSED_VARIABLE = YES;
				IPHONEOS_DEPLOYMENT_TARGET = 15.4;
				MTL_ENABLE_DEBUG_INFO = INCLUDE_SOURCE;
				MTL_FAST_MATH = YES;
				ONLY_ACTIVE_ARCH = YES;
				SDKROOT = iphoneos;
				SWIFT_ACTIVE_COMPILATION_CONDITIONS = DEBUG;
				SWIFT_OPTIMIZATION_LEVEL = "-Onone";
			};
			name = Debug;
		};
		0993634627E859990021BB45 /* Release */ = {
			isa = XCBuildConfiguration;
			buildSettings = {
				ALWAYS_SEARCH_USER_PATHS = NO;
				CLANG_ANALYZER_NONNULL = YES;
				CLANG_ANALYZER_NUMBER_OBJECT_CONVERSION = YES_AGGRESSIVE;
				CLANG_CXX_LANGUAGE_STANDARD = "gnu++17";
				CLANG_ENABLE_MODULES = YES;
				CLANG_ENABLE_OBJC_ARC = YES;
				CLANG_ENABLE_OBJC_WEAK = YES;
				CLANG_WARN_BLOCK_CAPTURE_AUTORELEASING = YES;
				CLANG_WARN_BOOL_CONVERSION = YES;
				CLANG_WARN_COMMA = YES;
				CLANG_WARN_CONSTANT_CONVERSION = YES;
				CLANG_WARN_DEPRECATED_OBJC_IMPLEMENTATIONS = YES;
				CLANG_WARN_DIRECT_OBJC_ISA_USAGE = YES_ERROR;
				CLANG_WARN_DOCUMENTATION_COMMENTS = YES;
				CLANG_WARN_EMPTY_BODY = YES;
				CLANG_WARN_ENUM_CONVERSION = YES;
				CLANG_WARN_INFINITE_RECURSION = YES;
				CLANG_WARN_INT_CONVERSION = YES;
				CLANG_WARN_NON_LITERAL_NULL_CONVERSION = YES;
				CLANG_WARN_OBJC_IMPLICIT_RETAIN_SELF = YES;
				CLANG_WARN_OBJC_LITERAL_CONVERSION = YES;
				CLANG_WARN_OBJC_ROOT_CLASS = YES_ERROR;
				CLANG_WARN_QUOTED_INCLUDE_IN_FRAMEWORK_HEADER = YES;
				CLANG_WARN_RANGE_LOOP_ANALYSIS = YES;
				CLANG_WARN_STRICT_PROTOTYPES = YES;
				CLANG_WARN_SUSPICIOUS_MOVE = YES;
				CLANG_WARN_UNGUARDED_AVAILABILITY = YES_AGGRESSIVE;
				CLANG_WARN_UNREACHABLE_CODE = YES;
				CLANG_WARN__DUPLICATE_METHOD_MATCH = YES;
				COPY_PHASE_STRIP = NO;
				DEBUG_INFORMATION_FORMAT = "dwarf-with-dsym";
				ENABLE_NS_ASSERTIONS = NO;
				ENABLE_STRICT_OBJC_MSGSEND = YES;
				GCC_C_LANGUAGE_STANDARD = gnu11;
				GCC_NO_COMMON_BLOCKS = YES;
				GCC_WARN_64_TO_32_BIT_CONVERSION = YES;
				GCC_WARN_ABOUT_RETURN_TYPE = YES_ERROR;
				GCC_WARN_UNDECLARED_SELECTOR = YES;
				GCC_WARN_UNINITIALIZED_AUTOS = YES_AGGRESSIVE;
				GCC_WARN_UNUSED_FUNCTION = YES;
				GCC_WARN_UNUSED_VARIABLE = YES;
				IPHONEOS_DEPLOYMENT_TARGET = 15.4;
				MTL_ENABLE_DEBUG_INFO = NO;
				MTL_FAST_MATH = YES;
				SDKROOT = iphoneos;
				SWIFT_COMPILATION_MODE = wholemodule;
				SWIFT_OPTIMIZATION_LEVEL = "-O";
				VALIDATE_PRODUCT = YES;
			};
			name = Release;
		};
		0993634827E859990021BB45 /* Debug */ = {
			isa = XCBuildConfiguration;
			buildSettings = {
				ASSETCATALOG_COMPILER_APPICON_NAME = AppIcon;
				ASSETCATALOG_COMPILER_GLOBAL_ACCENT_COLOR_NAME = AccentColor;
				CODE_SIGN_STYLE = Automatic;
				CURRENT_PROJECT_VERSION = 1;
				DEVELOPMENT_ASSET_PATHS = "\"WallcraftTest/Preview Content\"";
				DEVELOPMENT_TEAM = YP75BKK9GB;
				ENABLE_PREVIEWS = YES;
				GENERATE_INFOPLIST_FILE = YES;
				INFOPLIST_KEY_UIApplicationSceneManifest_Generation = YES;
				INFOPLIST_KEY_UIApplicationSupportsIndirectInputEvents = YES;
				INFOPLIST_KEY_UILaunchScreen_Generation = YES;
				INFOPLIST_KEY_UISupportedInterfaceOrientations_iPad = "UIInterfaceOrientationPortrait UIInterfaceOrientationPortraitUpsideDown UIInterfaceOrientationLandscapeLeft UIInterfaceOrientationLandscapeRight";
				INFOPLIST_KEY_UISupportedInterfaceOrientations_iPhone = "UIInterfaceOrientationPortrait UIInterfaceOrientationLandscapeLeft UIInterfaceOrientationLandscapeRight";
				LD_RUNPATH_SEARCH_PATHS = (
					"$(inherited)",
					"@executable_path/Frameworks",
				);
				MARKETING_VERSION = 1.0;
				PRODUCT_BUNDLE_IDENTIFIER = Dmitry.WallcraftTest;
				PRODUCT_NAME = "$(TARGET_NAME)";
				SWIFT_EMIT_LOC_STRINGS = YES;
				SWIFT_VERSION = 5.0;
				TARGETED_DEVICE_FAMILY = "1,2";
			};
			name = Debug;
		};
		0993634927E859990021BB45 /* Release */ = {
			isa = XCBuildConfiguration;
			buildSettings = {
				ASSETCATALOG_COMPILER_APPICON_NAME = AppIcon;
				ASSETCATALOG_COMPILER_GLOBAL_ACCENT_COLOR_NAME = AccentColor;
				CODE_SIGN_STYLE = Automatic;
				CURRENT_PROJECT_VERSION = 1;
				DEVELOPMENT_ASSET_PATHS = "\"WallcraftTest/Preview Content\"";
				DEVELOPMENT_TEAM = YP75BKK9GB;
				ENABLE_PREVIEWS = YES;
				GENERATE_INFOPLIST_FILE = YES;
				INFOPLIST_KEY_UIApplicationSceneManifest_Generation = YES;
				INFOPLIST_KEY_UIApplicationSupportsIndirectInputEvents = YES;
				INFOPLIST_KEY_UILaunchScreen_Generation = YES;
				INFOPLIST_KEY_UISupportedInterfaceOrientations_iPad = "UIInterfaceOrientationPortrait UIInterfaceOrientationPortraitUpsideDown UIInterfaceOrientationLandscapeLeft UIInterfaceOrientationLandscapeRight";
				INFOPLIST_KEY_UISupportedInterfaceOrientations_iPhone = "UIInterfaceOrientationPortrait UIInterfaceOrientationLandscapeLeft UIInterfaceOrientationLandscapeRight";
				LD_RUNPATH_SEARCH_PATHS = (
					"$(inherited)",
					"@executable_path/Frameworks",
				);
				MARKETING_VERSION = 1.0;
				PRODUCT_BUNDLE_IDENTIFIER = Dmitry.WallcraftTest;
				PRODUCT_NAME = "$(TARGET_NAME)";
				SWIFT_EMIT_LOC_STRINGS = YES;
				SWIFT_VERSION = 5.0;
				TARGETED_DEVICE_FAMILY = "1,2";
			};
			name = Release;
		};
/* End XCBuildConfiguration section */

/* Begin XCConfigurationList section */
		0993633427E859950021BB45 /* Build configuration list for PBXProject "WallcraftTest" */ = {
			isa = XCConfigurationList;
			buildConfigurations = (
				0993634527E859990021BB45 /* Debug */,
				0993634627E859990021BB45 /* Release */,
			);
			defaultConfigurationIsVisible = 0;
			defaultConfigurationName = Release;
		};
		0993634727E859990021BB45 /* Build configuration list for PBXNativeTarget "WallcraftTest" */ = {
			isa = XCConfigurationList;
			buildConfigurations = (
				0993634827E859990021BB45 /* Debug */,
				0993634927E859990021BB45 /* Release */,
			);
			defaultConfigurationIsVisible = 0;
			defaultConfigurationName = Release;
		};
/* End XCConfigurationList section */

/* Begin XCRemoteSwiftPackageReference section */
		0993634E27E873F90021BB45 /* XCRemoteSwiftPackageReference "SDWebImageSwiftUI" */ = {
			isa = XCRemoteSwiftPackageReference;
			repositoryURL = "https://github.com/SDWebImage/SDWebImageSwiftUI.git";
			requirement = {
				branch = master;
				kind = branch;
			};
		};
/* End XCRemoteSwiftPackageReference section */

/* Begin XCSwiftPackageProductDependency section */
		0993634F27E873F90021BB45 /* SDWebImageSwiftUI */ = {
			isa = XCSwiftPackageProductDependency;
			package = 0993634E27E873F90021BB45 /* XCRemoteSwiftPackageReference "SDWebImageSwiftUI" */;
			productName = SDWebImageSwiftUI;
		};
/* End XCSwiftPackageProductDependency section */
	};
	rootObject = 0993633127E859950021BB45 /* Project object */;
}
